{
  "version": 4,
  "terraform_version": "1.7.0",
  "serial": 5,
  "lineage": "2b47bb42-791c-6dfc-d4ae-a969df5ec2ae",
  "outputs": {},
  "resources": [
    {
      "mode": "managed",
      "type": "github_repository",
      "name": "terraform-rep",
      "provider": "provider[\"registry.terraform.io/hashicorp/github\"]",
      "instances": [
        {
          "schema_version": 1,
          "attributes": {
            "allow_auto_merge": false,
            "allow_merge_commit": true,
            "allow_rebase_merge": true,
            "allow_squash_merge": true,
            "allow_update_branch": false,
            "archive_on_destroy": null,
            "archived": false,
            "auto_init": true,
            "default_branch": "main",
            "delete_branch_on_merge": false,
            "description": "this is an test repo",
            "etag": "W/\"fe98fc4b1fc9dd72b14949fdfb0215d50ad502afcc803d2053af3607268eafc3\"",
            "full_name": "MSD-12/first-repo-using-terraform",
            "git_clone_url": "git://github.com/MSD-12/first-repo-using-terraform.git",
            "gitignore_template": null,
            "has_discussions": false,
            "has_downloads": false,
            "has_issues": false,
            "has_projects": false,
            "has_wiki": false,
            "homepage_url": "",
            "html_url": "https://github.com/MSD-12/first-repo-using-terraform",
            "http_clone_url": "https://github.com/MSD-12/first-repo-using-terraform.git",
            "id": "first-repo-using-terraform",
            "ignore_vulnerability_alerts_during_read": null,
            "is_template": false,
            "license_template": null,
            "merge_commit_message": "PR_TITLE",
            "merge_commit_title": "MERGE_MESSAGE",
            "name": "first-repo-using-terraform",
            "node_id": "R_kgDOLILWCw",
            "pages": [],
            "primary_language": "",
            "private": false,
            "repo_id": 746771979,
            "security_and_analysis": [
              {
                "advanced_security": [],
                "secret_scanning": [
                  {
                    "status": "disabled"
                  }
                ],
                "secret_scanning_push_protection": [
                  {
                    "status": "disabled"
                  }
                ]
              }
            ],
            "squash_merge_commit_message": "COMMIT_MESSAGES",
            "squash_merge_commit_title": "COMMIT_OR_PR_TITLE",
            "ssh_clone_url": "git@github.com:MSD-12/first-repo-using-terraform.git",
            "svn_url": "https://github.com/MSD-12/first-repo-using-terraform",
            "template": [],
            "topics": [],
            "visibility": "public",
            "vulnerability_alerts": false,
            "web_commit_signoff_required": false
          },
          "sensitive_attributes": [],
          "private": "eyJzY2hlbWFfdmVyc2lvbiI6IjEifQ=="
        }
      ]
    }
  ],
  "check_results": null
}
